
Microsoft Visual Studio Solution File, Format Version 12.00
# Visual Studio Version 16
VisualStudioVersion = 16.0.29324.140
MinimumVisualStudioVersion = 10.0.40219.1
Project("{2150E333-8FDC-42A3-9474-1A3956D46DE8}") = "Web", "Web", "{E5962153-2A37-4BA7-A6CC-DDA0B24C4236}"
EndProject
Project("{2150E333-8FDC-42A3-9474-1A3956D46DE8}") = "Data", "Data", "{58A8DE36-5E28-4134-8D15-563333C827DF}"
EndProject
Project("{2150E333-8FDC-42A3-9474-1A3956D46DE8}") = "Services", "Services", "{20391300-9D54-4BC9-A0A6-97E41B623299}"
EndProject
Project("{2150E333-8FDC-42A3-9474-1A3956D46DE8}") = "Tests", "Tests", "{76906DA6-A5E1-415D-93FB-F3A7A434E6BD}"
EndProject
Project("{FAE04EC0-301F-11D3-BF4B-00C04F79EFBC}") = "SimpleWebShop.Web", "Web\SimpleWebShop.Web\SimpleWebShop.Web.csproj", "{06402B07-DE35-4EAB-9D7D-40EEF308322E}"
EndProject
Project("{FAE04EC0-301F-11D3-BF4B-00C04F79EFBC}") = "SimpleWebShop.Data.Models", "Data\SimpleWebShop.Data.Models\SimpleWebShop.Data.Models.csproj", "{B0611D1E-6736-4A39-A9D7-0CCD52CA0FDD}"
EndProject
Project("{FAE04EC0-301F-11D3-BF4B-00C04F79EFBC}") = "SimpleWebShop.Data.Common", "Data\SimpleWebShop.Data.Common\SimpleWebShop.Data.Common.csproj", "{1B53EA25-E2D3-48FA-BF66-EE11B8CB2049}"
EndProject
Project("{FAE04EC0-301F-11D3-BF4B-00C04F79EFBC}") = "SimpleWebShop.Data", "SimpleWebShop.Data\SimpleWebShop.Data.csproj", "{3FF0FAD4-4AEB-4C01-8863-AF622113D943}"
EndProject
Project("{2150E333-8FDC-42A3-9474-1A3956D46DE8}") = "SimpleWebShop.Common", "SimpleWebShop.Common", "{684DF587-FFA4-454A-8795-5BD3F495B826}"
EndProject
Project("{FAE04EC0-301F-11D3-BF4B-00C04F79EFBC}") = "SimpleWebShop.Common", "SimpleWebShop.Common\SimpleWebShop.Common\SimpleWebShop.Common.csproj", "{C99DF608-64F0-43FD-BD89-F855A9D3EBB2}"
EndProject
Project("{FAE04EC0-301F-11D3-BF4B-00C04F79EFBC}") = "SimpleWebShop.Web.Infrastructure", "Web\SimpleWebShop.Web.Infrastructure\SimpleWebShop.Web.Infrastructure.csproj", "{B955437B-2D2F-4151-9FFA-581DC2D06B49}"
EndProject
Project("{FAE04EC0-301F-11D3-BF4B-00C04F79EFBC}") = "SimpleWebShop.Services.Mapping", "Services\SimpleWebShop.Services.Mapping\SimpleWebShop.Services.Mapping.csproj", "{86D4B97D-AA55-4420-9967-240E90072562}"
EndProject
Project("{FAE04EC0-301F-11D3-BF4B-00C04F79EFBC}") = "SimpleWebShop.Services.Data", "Services\SimpleWebShop.Services.Data\SimpleWebShop.Services.Data.csproj", "{CC8D0648-57A4-4811-B03A-926C9C177AAF}"
EndProject
Project("{FAE04EC0-301F-11D3-BF4B-00C04F79EFBC}") = "SimpleWebShop.Services.Models", "Services\SimpleWebShop.Services.Models\SimpleWebShop.Services.Models.csproj", "{E89BEB51-6C5B-4AAF-90B0-4C8FF972B875}"
EndProject
Project("{2150E333-8FDC-42A3-9474-1A3956D46DE8}") = "Microservices", "Microservices", "{7171BC94-378B-48C9-9BE1-FE9D89FE50F1}"
EndProject
Project("{FAE04EC0-301F-11D3-BF4B-00C04F79EFBC}") = "SimpleWebShop.MS.TestMicroservice", "Microservices\SimpleWebShop.MS.TestMicroservice\SimpleWebShop.MS.TestMicroservice.csproj", "{673918D8-D083-464C-9E0E-B8890869B9E2}"
EndProject
Project("{2150E333-8FDC-42A3-9474-1A3956D46DE8}") = "Messages", "Messages", "{9E945EC3-4E7E-4E96-B27D-5DDD5FFD08D0}"
EndProject
Project("{FAE04EC0-301F-11D3-BF4B-00C04F79EFBC}") = "SimpleWebShop.Messages", "Messages\SimpleWebShop.Messages\SimpleWebShop.Messages.csproj", "{E2639DE0-0278-4979-9AB9-5C48D74ABAD2}"
EndProject
Global
	GlobalSection(SolutionConfigurationPlatforms) = preSolution
		Debug|Any CPU = Debug|Any CPU
		Release|Any CPU = Release|Any CPU
	EndGlobalSection
	GlobalSection(ProjectConfigurationPlatforms) = postSolution
		{06402B07-DE35-4EAB-9D7D-40EEF308322E}.Debug|Any CPU.ActiveCfg = Debug|Any CPU
		{06402B07-DE35-4EAB-9D7D-40EEF308322E}.Debug|Any CPU.Build.0 = Debug|Any CPU
		{06402B07-DE35-4EAB-9D7D-40EEF308322E}.Release|Any CPU.ActiveCfg = Release|Any CPU
		{06402B07-DE35-4EAB-9D7D-40EEF308322E}.Release|Any CPU.Build.0 = Release|Any CPU
		{B0611D1E-6736-4A39-A9D7-0CCD52CA0FDD}.Debug|Any CPU.ActiveCfg = Debug|Any CPU
		{B0611D1E-6736-4A39-A9D7-0CCD52CA0FDD}.Debug|Any CPU.Build.0 = Debug|Any CPU
		{B0611D1E-6736-4A39-A9D7-0CCD52CA0FDD}.Release|Any CPU.ActiveCfg = Release|Any CPU
		{B0611D1E-6736-4A39-A9D7-0CCD52CA0FDD}.Release|Any CPU.Build.0 = Release|Any CPU
		{1B53EA25-E2D3-48FA-BF66-EE11B8CB2049}.Debug|Any CPU.ActiveCfg = Debug|Any CPU
		{1B53EA25-E2D3-48FA-BF66-EE11B8CB2049}.Debug|Any CPU.Build.0 = Debug|Any CPU
		{1B53EA25-E2D3-48FA-BF66-EE11B8CB2049}.Release|Any CPU.ActiveCfg = Release|Any CPU
		{1B53EA25-E2D3-48FA-BF66-EE11B8CB2049}.Release|Any CPU.Build.0 = Release|Any CPU
		{3FF0FAD4-4AEB-4C01-8863-AF622113D943}.Debug|Any CPU.ActiveCfg = Debug|Any CPU
		{3FF0FAD4-4AEB-4C01-8863-AF622113D943}.Debug|Any CPU.Build.0 = Debug|Any CPU
		{3FF0FAD4-4AEB-4C01-8863-AF622113D943}.Release|Any CPU.ActiveCfg = Release|Any CPU
		{3FF0FAD4-4AEB-4C01-8863-AF622113D943}.Release|Any CPU.Build.0 = Release|Any CPU
		{C99DF608-64F0-43FD-BD89-F855A9D3EBB2}.Debug|Any CPU.ActiveCfg = Debug|Any CPU
		{C99DF608-64F0-43FD-BD89-F855A9D3EBB2}.Debug|Any CPU.Build.0 = Debug|Any CPU
		{C99DF608-64F0-43FD-BD89-F855A9D3EBB2}.Release|Any CPU.ActiveCfg = Release|Any CPU
		{C99DF608-64F0-43FD-BD89-F855A9D3EBB2}.Release|Any CPU.Build.0 = Release|Any CPU
		{B955437B-2D2F-4151-9FFA-581DC2D06B49}.Debug|Any CPU.ActiveCfg = Debug|Any CPU
		{B955437B-2D2F-4151-9FFA-581DC2D06B49}.Debug|Any CPU.Build.0 = Debug|Any CPU
		{B955437B-2D2F-4151-9FFA-581DC2D06B49}.Release|Any CPU.ActiveCfg = Release|Any CPU
		{B955437B-2D2F-4151-9FFA-581DC2D06B49}.Release|Any CPU.Build.0 = Release|Any CPU
		{86D4B97D-AA55-4420-9967-240E90072562}.Debug|Any CPU.ActiveCfg = Debug|Any CPU
		{86D4B97D-AA55-4420-9967-240E90072562}.Debug|Any CPU.Build.0 = Debug|Any CPU
		{86D4B97D-AA55-4420-9967-240E90072562}.Release|Any CPU.ActiveCfg = Release|Any CPU
		{86D4B97D-AA55-4420-9967-240E90072562}.Release|Any CPU.Build.0 = Release|Any CPU
		{CC8D0648-57A4-4811-B03A-926C9C177AAF}.Debug|Any CPU.ActiveCfg = Debug|Any CPU
		{CC8D0648-57A4-4811-B03A-926C9C177AAF}.Debug|Any CPU.Build.0 = Debug|Any CPU
		{CC8D0648-57A4-4811-B03A-926C9C177AAF}.Release|Any CPU.ActiveCfg = Release|Any CPU
		{CC8D0648-57A4-4811-B03A-926C9C177AAF}.Release|Any CPU.Build.0 = Release|Any CPU
		{E89BEB51-6C5B-4AAF-90B0-4C8FF972B875}.Debug|Any CPU.ActiveCfg = Debug|Any CPU
		{E89BEB51-6C5B-4AAF-90B0-4C8FF972B875}.Debug|Any CPU.Build.0 = Debug|Any CPU
		{E89BEB51-6C5B-4AAF-90B0-4C8FF972B875}.Release|Any CPU.ActiveCfg = Release|Any CPU
		{E89BEB51-6C5B-4AAF-90B0-4C8FF972B875}.Release|Any CPU.Build.0 = Release|Any CPU
		{673918D8-D083-464C-9E0E-B8890869B9E2}.Debug|Any CPU.ActiveCfg = Debug|Any CPU
		{673918D8-D083-464C-9E0E-B8890869B9E2}.Debug|Any CPU.Build.0 = Debug|Any CPU
		{673918D8-D083-464C-9E0E-B8890869B9E2}.Release|Any CPU.ActiveCfg = Release|Any CPU
		{673918D8-D083-464C-9E0E-B8890869B9E2}.Release|Any CPU.Build.0 = Release|Any CPU
		{E2639DE0-0278-4979-9AB9-5C48D74ABAD2}.Debug|Any CPU.ActiveCfg = Debug|Any CPU
		{E2639DE0-0278-4979-9AB9-5C48D74ABAD2}.Debug|Any CPU.Build.0 = Debug|Any CPU
		{E2639DE0-0278-4979-9AB9-5C48D74ABAD2}.Release|Any CPU.ActiveCfg = Release|Any CPU
		{E2639DE0-0278-4979-9AB9-5C48D74ABAD2}.Release|Any CPU.Build.0 = Release|Any CPU
	EndGlobalSection
	GlobalSection(SolutionProperties) = preSolution
		HideSolutionNode = FALSE
	EndGlobalSection
	GlobalSection(NestedProjects) = preSolution
		{06402B07-DE35-4EAB-9D7D-40EEF308322E} = {E5962153-2A37-4BA7-A6CC-DDA0B24C4236}
		{B0611D1E-6736-4A39-A9D7-0CCD52CA0FDD} = {58A8DE36-5E28-4134-8D15-563333C827DF}
		{1B53EA25-E2D3-48FA-BF66-EE11B8CB2049} = {58A8DE36-5E28-4134-8D15-563333C827DF}
		{3FF0FAD4-4AEB-4C01-8863-AF622113D943} = {58A8DE36-5E28-4134-8D15-563333C827DF}
		{C99DF608-64F0-43FD-BD89-F855A9D3EBB2} = {684DF587-FFA4-454A-8795-5BD3F495B826}
		{B955437B-2D2F-4151-9FFA-581DC2D06B49} = {E5962153-2A37-4BA7-A6CC-DDA0B24C4236}
		{86D4B97D-AA55-4420-9967-240E90072562} = {20391300-9D54-4BC9-A0A6-97E41B623299}
		{CC8D0648-57A4-4811-B03A-926C9C177AAF} = {20391300-9D54-4BC9-A0A6-97E41B623299}
		{E89BEB51-6C5B-4AAF-90B0-4C8FF972B875} = {20391300-9D54-4BC9-A0A6-97E41B623299}
		{673918D8-D083-464C-9E0E-B8890869B9E2} = {7171BC94-378B-48C9-9BE1-FE9D89FE50F1}
		{E2639DE0-0278-4979-9AB9-5C48D74ABAD2} = {9E945EC3-4E7E-4E96-B27D-5DDD5FFD08D0}
	EndGlobalSection
	GlobalSection(ExtensibilityGlobals) = postSolution
		SolutionGuid = {9233A37B-A308-4394-A175-80AE96CAAE94}
	EndGlobalSection
EndGlobal
