
Microsoft Visual Studio Solution File, Format Version 12.00
# Visual Studio Version 16
VisualStudioVersion = 16.0.29324.140
MinimumVisualStudioVersion = 10.0.40219.1
Project("{2150E333-8FDC-42A3-9474-1A3956D46DE8}") = "Web", "Web", "{E5962153-2A37-4BA7-A6CC-DDA0B24C4236}"
EndProject
Project("{2150E333-8FDC-42A3-9474-1A3956D46DE8}") = "Data", "Data", "{58A8DE36-5E28-4134-8D15-563333C827DF}"
EndProject
Project("{2150E333-8FDC-42A3-9474-1A3956D46DE8}") = "Services", "Services", "{20391300-9D54-4BC9-A0A6-97E41B623299}"
EndProject
Project("{2150E333-8FDC-42A3-9474-1A3956D46DE8}") = "Tests", "Tests", "{76906DA6-A5E1-415D-93FB-F3A7A434E6BD}"
EndProject
Project("{FAE04EC0-301F-11D3-BF4B-00C04F79EFBC}") = "SimpleWebShop.Web", "Web\SimpleWebShop.Web\SimpleWebShop.Web.csproj", "{06402B07-DE35-4EAB-9D7D-40EEF308322E}"
EndProject
Project("{FAE04EC0-301F-11D3-BF4B-00C04F79EFBC}") = "SimpleWebShop.Data.Models", "Data\SimpleWebShop.Data.Models\SimpleWebShop.Data.Models.csproj", "{B0611D1E-6736-4A39-A9D7-0CCD52CA0FDD}"
EndProject
Project("{FAE04EC0-301F-11D3-BF4B-00C04F79EFBC}") = "SimpleWebShop.Data.Common", "Data\SimpleWebShop.Data.Common\SimpleWebShop.Data.Common.csproj", "{1B53EA25-E2D3-48FA-BF66-EE11B8CB2049}"
EndProject
Project("{FAE04EC0-301F-11D3-BF4B-00C04F79EFBC}") = "SimpleWebShop.Data", "SimpleWebShop.Data\SimpleWebShop.Data.csproj", "{3FF0FAD4-4AEB-4C01-8863-AF622113D943}"
EndProject
Global
	GlobalSection(SolutionConfigurationPlatforms) = preSolution
		Debug|Any CPU = Debug|Any CPU
		Release|Any CPU = Release|Any CPU
	EndGlobalSection
	GlobalSection(ProjectConfigurationPlatforms) = postSolution
		{06402B07-DE35-4EAB-9D7D-40EEF308322E}.Debug|Any CPU.ActiveCfg = Debug|Any CPU
		{06402B07-DE35-4EAB-9D7D-40EEF308322E}.Debug|Any CPU.Build.0 = Debug|Any CPU
		{06402B07-DE35-4EAB-9D7D-40EEF308322E}.Release|Any CPU.ActiveCfg = Release|Any CPU
		{06402B07-DE35-4EAB-9D7D-40EEF308322E}.Release|Any CPU.Build.0 = Release|Any CPU
		{B0611D1E-6736-4A39-A9D7-0CCD52CA0FDD}.Debug|Any CPU.ActiveCfg = Debug|Any CPU
		{B0611D1E-6736-4A39-A9D7-0CCD52CA0FDD}.Debug|Any CPU.Build.0 = Debug|Any CPU
		{B0611D1E-6736-4A39-A9D7-0CCD52CA0FDD}.Release|Any CPU.ActiveCfg = Release|Any CPU
		{B0611D1E-6736-4A39-A9D7-0CCD52CA0FDD}.Release|Any CPU.Build.0 = Release|Any CPU
		{1B53EA25-E2D3-48FA-BF66-EE11B8CB2049}.Debug|Any CPU.ActiveCfg = Debug|Any CPU
		{1B53EA25-E2D3-48FA-BF66-EE11B8CB2049}.Debug|Any CPU.Build.0 = Debug|Any CPU
		{1B53EA25-E2D3-48FA-BF66-EE11B8CB2049}.Release|Any CPU.ActiveCfg = Release|Any CPU
		{1B53EA25-E2D3-48FA-BF66-EE11B8CB2049}.Release|Any CPU.Build.0 = Release|Any CPU
		{3FF0FAD4-4AEB-4C01-8863-AF622113D943}.Debug|Any CPU.ActiveCfg = Debug|Any CPU
		{3FF0FAD4-4AEB-4C01-8863-AF622113D943}.Debug|Any CPU.Build.0 = Debug|Any CPU
		{3FF0FAD4-4AEB-4C01-8863-AF622113D943}.Release|Any CPU.ActiveCfg = Release|Any CPU
		{3FF0FAD4-4AEB-4C01-8863-AF622113D943}.Release|Any CPU.Build.0 = Release|Any CPU
	EndGlobalSection
	GlobalSection(SolutionProperties) = preSolution
		HideSolutionNode = FALSE
	EndGlobalSection
	GlobalSection(NestedProjects) = preSolution
		{06402B07-DE35-4EAB-9D7D-40EEF308322E} = {E5962153-2A37-4BA7-A6CC-DDA0B24C4236}
		{B0611D1E-6736-4A39-A9D7-0CCD52CA0FDD} = {58A8DE36-5E28-4134-8D15-563333C827DF}
		{1B53EA25-E2D3-48FA-BF66-EE11B8CB2049} = {58A8DE36-5E28-4134-8D15-563333C827DF}
		{3FF0FAD4-4AEB-4C01-8863-AF622113D943} = {58A8DE36-5E28-4134-8D15-563333C827DF}
	EndGlobalSection
	GlobalSection(ExtensibilityGlobals) = postSolution
		SolutionGuid = {9233A37B-A308-4394-A175-80AE96CAAE94}
	EndGlobalSection
EndGlobal
